{
  "name": "evolux.util",
  "version": "1.0.0",
  "lockfileVersion": 2,
  "requires": true,
  "packages": {
    "": {
      "name": "evolux.util",
      "version": "1.0.0",
      "license": "MIT",
      "dependencies": {
        "evolux.universe": "file:../evolux.universe",
        "thoregon.archetim": "file:../../thoregon.modules/thoregon.archetim",
        "thoregon.truCloud": "file:../../thoregon.modules/thoregon.truCloud"
      }
    },
    "../../thoregon.modules/thoregon.archetim": {
      "version": "1.0.0",
      "license": "MIT",
      "devDependencies": {}
    },
    "../../thoregon.modules/thoregon.truCloud": {
      "version": "1.0.0",
      "license": "MIT",
      "dependencies": {
        "cron-parser": "^5.3.0",
        "temporal-polyfill": "^0.3.0"
      }
    },
    "../evolux.universe": {
      "version": "1.0.0",
      "license": "MIT",
      "dependencies": {
        "evolux.supervise": "file:../evolux.supervise",
        "evolux.util": "file:../evolux.util"
      }
    },
    "node_modules/evolux.universe": {
      "resolved": "../evolux.universe",
      "link": true
    },
    "node_modules/thoregon.archetim": {
      "resolved": "../../thoregon.modules/thoregon.archetim",
      "link": true
    },
    "node_modules/thoregon.truCloud": {
      "resolved": "../../thoregon.modules/thoregon.truCloud",
      "link": true
    }
  },
  "dependencies": {
    "evolux.universe": {
      "version": "file:../evolux.universe",
      "requires": {
        "evolux.supervise": "file:../evolux.supervise",
        "evolux.util": "file:../evolux.util"
      }
    },
    "thoregon.archetim": {
      "version": "file:../../thoregon.modules/thoregon.archetim"
    },
    "thoregon.truCloud": {
      "version": "file:../../thoregon.modules/thoregon.truCloud",
      "requires": {
        "cron-parser": "^5.3.0",
        "temporal-polyfill": "^0.3.0"
      }
    }
  }
}
